
Microsoft Visual Studio Solution File, Format Version 12.00
# Visual Studio Version 16
VisualStudioVersion = 16.0.31129.286
MinimumVisualStudioVersion = 10.0.40219.1
Project("{9A19103F-16F7-4668-BE54-9A1E7A4F7556}") = "PF6_Team4_Alkiviadis", "PF6_Team4_Alkiviadis\PF6_Team4_Alkiviadis.csproj", "{C962D5B5-2A93-48EF-826A-6078D1D352CE}"
EndProject
Project("{9A19103F-16F7-4668-BE54-9A1E7A4F7556}") = "PF6_Team4_Core", "PF6_Team4_Core\PF6_Team4_Core.csproj", "{BB4BC87E-7123-4414-B1E2-D577E74ADA58}"
EndProject
Project("{FAE04EC0-301F-11D3-BF4B-00C04F79EFBC}") = "log", "log\log.csproj", "{E6860B60-E23A-4E1D-A166-297C55D595A6}"
EndProject
Global
	GlobalSection(SolutionConfigurationPlatforms) = preSolution
		Debug|Any CPU = Debug|Any CPU
		Release|Any CPU = Release|Any CPU
	EndGlobalSection
	GlobalSection(ProjectConfigurationPlatforms) = postSolution
		{C962D5B5-2A93-48EF-826A-6078D1D352CE}.Debug|Any CPU.ActiveCfg = Debug|Any CPU
		{C962D5B5-2A93-48EF-826A-6078D1D352CE}.Debug|Any CPU.Build.0 = Debug|Any CPU
		{C962D5B5-2A93-48EF-826A-6078D1D352CE}.Release|Any CPU.ActiveCfg = Release|Any CPU
		{C962D5B5-2A93-48EF-826A-6078D1D352CE}.Release|Any CPU.Build.0 = Release|Any CPU
		{BB4BC87E-7123-4414-B1E2-D577E74ADA58}.Debug|Any CPU.ActiveCfg = Debug|Any CPU
		{BB4BC87E-7123-4414-B1E2-D577E74ADA58}.Debug|Any CPU.Build.0 = Debug|Any CPU
		{BB4BC87E-7123-4414-B1E2-D577E74ADA58}.Release|Any CPU.ActiveCfg = Release|Any CPU
		{BB4BC87E-7123-4414-B1E2-D577E74ADA58}.Release|Any CPU.Build.0 = Release|Any CPU
		{E6860B60-E23A-4E1D-A166-297C55D595A6}.Debug|Any CPU.ActiveCfg = Debug|Any CPU
		{E6860B60-E23A-4E1D-A166-297C55D595A6}.Debug|Any CPU.Build.0 = Debug|Any CPU
		{E6860B60-E23A-4E1D-A166-297C55D595A6}.Release|Any CPU.ActiveCfg = Release|Any CPU
		{E6860B60-E23A-4E1D-A166-297C55D595A6}.Release|Any CPU.Build.0 = Release|Any CPU
	EndGlobalSection
	GlobalSection(SolutionProperties) = preSolution
		HideSolutionNode = FALSE
	EndGlobalSection
	GlobalSection(ExtensibilityGlobals) = postSolution
		SolutionGuid = {7BD963E5-3EEE-4D65-A6A3-A6D327CA6DDA}
	EndGlobalSection
EndGlobal
